<?xml version="1.0" encoding="utf-8"?>
<Project ToolsVersion="4.0" xmlns="http://schemas.microsoft.com/developer/msbuild/2003">
  <ItemGroup>
    <Filter Include="Source Files">
      <UniqueIdentifier>{4FC737F1-C7A5-4376-A066-2A32D752A2FF}</UniqueIdentifier>
      <Extensions>cpp;c;cc;cxx;def;odl;idl;hpj;bat;asm;asmx</Extensions>
    </Filter>
    <Filter Include="_Framework">
      <UniqueIdentifier>{0b776af2-bfcb-4635-9387-79853b59c5c6}</UniqueIdentifier>
    </Filter>
    <Filter Include="Source Files\Model">
      <UniqueIdentifier>{8fbc80f4-00a9-4b8b-aad7-96f66ce90c14}</UniqueIdentifier>
    </Filter>
    <Filter Include="Source Files\GraphicsObject">
      <UniqueIdentifier>{6b882db5-8585-4f68-8dfb-acbfe7d635e4}</UniqueIdentifier>
    </Filter>
    <Filter Include="Source Files\Shaders">
      <UniqueIdentifier>{e44543f3-481d-4b2c-8b79-0fcbaa8f57e0}</UniqueIdentifier>
    </Filter>
    <Filter Include="Source Files\Game">
      <UniqueIdentifier>{43e05263-59f0-4245-b524-4fb0fe7fca16}</UniqueIdentifier>
    </Filter>
    <Filter Include="Source Files\GameObject">
      <UniqueIdentifier>{a4eb0475-8a37-4b27-bc51-347c8c55ee6a}</UniqueIdentifier>
    </Filter>
    <Filter Include="Source Files\Texture">
      <UniqueIdentifier>{e30ab288-dafe-4fca-ac28-4af4e84874dd}</UniqueIdentifier>
    </Filter>
    <Filter Include="Source Files\Assets">
      <UniqueIdentifier>{868d6044-31d8-419a-80cb-b8103f20cce5}</UniqueIdentifier>
    </Filter>
    <Filter Include="Source Files\Input">
      <UniqueIdentifier>{1e1595de-2fec-41da-9580-9dd652a31ec6}</UniqueIdentifier>
    </Filter>
    <Filter Include="Source Files\Camera">
      <UniqueIdentifier>{328bd498-3105-485d-b650-e12bcc1adf18}</UniqueIdentifier>
    </Filter>
    <Filter Include="Source Files\BoundingVol">
      <UniqueIdentifier>{caf95d14-7aaa-43d2-99aa-eff207a55a2e}</UniqueIdentifier>
    </Filter>
    <Filter Include="Source Files\Animation">
      <UniqueIdentifier>{b30b7194-cb46-482c-92ba-3ac80a2d3fa1}</UniqueIdentifier>
    </Filter>
    <Filter Include="Lib includes">
      <UniqueIdentifier>{b8cc39fc-69fd-4c3c-845e-79f2036fbae3}</UniqueIdentifier>
    </Filter>
    <Filter Include="Lib includes\PCSTree">
      <UniqueIdentifier>{5f920fcb-253d-4c06-bfed-c6e520ddd27e}</UniqueIdentifier>
    </Filter>
    <Filter Include="Source Files\Image">
      <UniqueIdentifier>{abf7b8c0-6e19-49e4-9f13-a25ed95355d7}</UniqueIdentifier>
    </Filter>
    <Filter Include="Source Files\2D_Primitives">
      <UniqueIdentifier>{3fd4d332-f079-44fe-815b-a21921b78086}</UniqueIdentifier>
    </Filter>
    <Filter Include="Source Files\_Diagrams">
      <UniqueIdentifier>{35862001-d878-48c6-8f97-fb41c3882af2}</UniqueIdentifier>
    </Filter>
  </ItemGroup>
  <ItemGroup>
    <None Include="..\Framework\__DO NOT MODIFY__">
      <Filter>_Framework</Filter>
    </None>
    <None Include="colorRender.fs.glsl">
      <Filter>Source Files\Shaders</Filter>
    </None>
    <None Include="colorRender.vs.glsl">
      <Filter>Source Files\Shaders</Filter>
    </None>
    <None Include="textureRender.fs.glsl">
      <Filter>Source Files\Shaders</Filter>
    </None>
    <None Include="textureRender.vs.glsl">
      <Filter>Source Files\Shaders</Filter>
    </None>
    <None Include="nullRender.fs.glsl">
      <Filter>Source Files\Shaders</Filter>
    </None>
    <None Include="nullRender.vs.glsl">
      <Filter>Source Files\Shaders</Filter>
    </None>
    <None Include="texturePointLightDiff.fs.glsl">
      <Filter>Source Files\Shaders</Filter>
    </None>
    <None Include="texturePointLightDiff.vs.glsl">
      <Filter>Source Files\Shaders</Filter>
    </None>
    <None Include="constColorRender.fs.glsl">
      <Filter>Source Files\Shaders</Filter>
    </None>
    <None Include="constColorRender.vs.glsl">
      <Filter>Source Files\Shaders</Filter>
    </None>
    <None Include="colorSingleRender.fs.glsl">
      <Filter>Source Files\Shaders</Filter>
    </None>
    <None Include="colorSingleRender.vs.glsl">
      <Filter>Source Files\Shaders</Filter>
    </None>
    <None Include="spriteRender.fs.glsl">
      <Filter>Source Files\Shaders</Filter>
    </None>
    <None Include="spriteRender.vs.glsl">
      <Filter>Source Files\Shaders</Filter>
    </None>
    <None Include="AnimController.cd">
      <Filter>Source Files\_Diagrams</Filter>
    </None>
    <None Include="GameObject_Diagram.cd">
      <Filter>Source Files\_Diagrams</Filter>
    </None>
    <None Include="ClassDiagram.cd">
      <Filter>Source Files\_Diagrams</Filter>
    </None>
    <None Include="Render_Diagram.cd">
      <Filter>Source Files\_Diagrams</Filter>
    </None>
    <None Include="Texture_Diagram.cd">
      <Filter>Source Files\_Diagrams</Filter>
    </None>
    <None Include="Image_Diagram.cd">
      <Filter>Source Files\_Diagrams</Filter>
    </None>
    <None Include="skinTextureRender.fs.glsl">
      <Filter>Source Files\Shaders</Filter>
    </None>
    <None Include="skinTextureRender.vs.glsl">
      <Filter>Source Files\Shaders</Filter>
    </None>
    <None Include="computeTest.cs.glsl">
      <Filter>Source Files\Shaders</Filter>
    </None>
    <None Include="computeMixer.cs.glsl">
      <Filter>Source Files\Shaders</Filter>
    </None>
    <None Include="computeWorld.cs.glsl">
      <Filter>Source Files\Shaders</Filter>
    </None>
  </ItemGroup>
  <ItemGroup>
    <ClInclude Include="..\Framework\Framework.h">
      <Filter>_Framework</Filter>
    </ClInclude>
    <ClInclude Include="CubeModel.h">
      <Filter>Source Files\Model</Filter>
    </ClInclude>
    <ClInclude Include="Model.h">
      <Filter>Source Files\Model</Filter>
    </ClInclude>
    <ClInclude Include="GraphicsObject.h">
      <Filter>Source Files\GraphicsObject</Filter>
    </ClInclude>
    <ClInclude Include="ShaderObject.h">
      <Filter>Source Files\Shaders</Filter>
    </ClInclude>
    <ClInclude Include="Game.h">
      <Filter>Source Files\Game</Filter>
    </ClInclude>
    <ClInclude Include="Engine.h">
      <Filter>Source Files\Game</Filter>
    </ClInclude>
    <ClInclude Include="GameObject.h">
      <Filter>Source Files\GameObject</Filter>
    </ClInclude>
    <ClInclude Include="GraphicsObject_ColorByPosition.h">
      <Filter>Source Files\GraphicsObject</Filter>
    </ClInclude>
    <ClInclude Include="RenderMaterial.h">
      <Filter>Source Files\GraphicsObject</Filter>
    </ClInclude>
    <ClInclude Include="GraphicsObject_Wireframe.h">
      <Filter>Source Files\GraphicsObject</Filter>
    </ClInclude>
    <ClInclude Include="GraphicsObject_FlatTexture.h">
      <Filter>Source Files\GraphicsObject</Filter>
    </ClInclude>
    <ClInclude Include="TGA.h">
      <Filter>Source Files\Texture</Filter>
    </ClInclude>
    <ClInclude Include="Keyboard.h">
      <Filter>Source Files\Input</Filter>
    </ClInclude>
    <ClInclude Include="InputMan.h">
      <Filter>Source Files\Input</Filter>
    </ClInclude>
    <ClInclude Include="Mouse.h">
      <Filter>Source Files\Input</Filter>
    </ClInclude>
    <ClInclude Include="InputTest.h">
      <Filter>Source Files\Input</Filter>
    </ClInclude>
    <ClInclude Include="Camera.h">
      <Filter>Source Files\Camera</Filter>
    </ClInclude>
    <ClInclude Include="GameObjectMan.h">
      <Filter>Source Files\GameObject</Filter>
    </ClInclude>
    <ClInclude Include="GraphicsObject_Null.h">
      <Filter>Source Files\GraphicsObject</Filter>
    </ClInclude>
    <ClInclude Include="NullModel.h">
      <Filter>Source Files\Model</Filter>
    </ClInclude>
    <ClInclude Include="ShaderMan.h">
      <Filter>Source Files\Shaders</Filter>
    </ClInclude>
    <ClInclude Include="ShaderLink.h">
      <Filter>Source Files\Shaders</Filter>
    </ClInclude>
    <ClInclude Include="ModelMan.h">
      <Filter>Source Files\Model</Filter>
    </ClInclude>
    <ClInclude Include="ModelLink.h">
      <Filter>Source Files\Model</Filter>
    </ClInclude>
    <ClInclude Include="GraphicsObject_TextureLight.h">
      <Filter>Source Files\GraphicsObject</Filter>
    </ClInclude>
    <ClInclude Include="GraphicsObject_ConstColor.h">
      <Filter>Source Files\GraphicsObject</Filter>
    </ClInclude>
    <ClInclude Include="ModelFileHdr.h">
      <Filter>Source Files\Model</Filter>
    </ClInclude>
    <ClInclude Include="SphereModel.h">
      <Filter>Source Files\Model</Filter>
    </ClInclude>
    <ClInclude Include="GraphicsObject_WireframeConstantColor.h">
      <Filter>Source Files\GraphicsObject</Filter>
    </ClInclude>
    <ClInclude Include="BoundingSphere.h">
      <Filter>Source Files\BoundingVol</Filter>
    </ClInclude>
    <ClInclude Include="CameraDemoInput.h">
      <Filter>Source Files\Camera</Filter>
    </ClInclude>
    <ClInclude Include="CameraMan.h">
      <Filter>Source Files\Camera</Filter>
    </ClInclude>
    <ClInclude Include="CameraModel.h">
      <Filter>Source Files\Camera</Filter>
    </ClInclude>
    <ClInclude Include="CameraNode.h">
      <Filter>Source Files\Camera</Filter>
    </ClInclude>
    <ClInclude Include="BoundingSphereGameObject.h">
      <Filter>Source Files\BoundingVol</Filter>
    </ClInclude>
    <ClInclude Include="GameMan.h">
      <Filter>Source Files\Game</Filter>
    </ClInclude>
    <ClInclude Include="PyramidModel.h">
      <Filter>Source Files\Model</Filter>
    </ClInclude>
    <ClInclude Include="Anim.h">
      <Filter>Source Files\Animation</Filter>
    </ClInclude>
    <ClInclude Include="GraphicsDebugMessage.h">
      <Filter>Source Files\GraphicsObject</Filter>
    </ClInclude>
    <ClInclude Include="GameObjectAnim.h">
      <Filter>Source Files\GameObject</Filter>
    </ClInclude>
    <ClInclude Include="GameObjectRigid.h">
      <Filter>Source Files\GameObject</Filter>
    </ClInclude>
    <ClInclude Include="TimerController.h">
      <Filter>Source Files\Animation</Filter>
    </ClInclude>
    <ClInclude Include="Bone.h">
      <Filter>Source Files\Animation</Filter>
    </ClInclude>
    <ClInclude Include="Mixer.h">
      <Filter>Source Files\Animation</Filter>
    </ClInclude>
    <ClInclude Include="AnimController.h">
      <Filter>Source Files\Animation</Filter>
    </ClInclude>
    <ClInclude Include="Clip.h">
      <Filter>Source Files\Animation</Filter>
    </ClInclude>
    <ClInclude Include="Skeleton.h">
      <Filter>Source Files\Animation</Filter>
    </ClInclude>
    <ClInclude Include="GameObjectNull.h">
      <Filter>Source Files\GameObject</Filter>
    </ClInclude>
    <ClInclude Include="..\PCSTree\include\PCSNode.h">
      <Filter>Lib includes\PCSTree</Filter>
    </ClInclude>
    <ClInclude Include="..\PCSTree\include\PCSTree.h">
      <Filter>Lib includes\PCSTree</Filter>
    </ClInclude>
    <ClInclude Include="..\PCSTree\include\PCSTreeForwardIterator.h">
      <Filter>Lib includes\PCSTree</Filter>
    </ClInclude>
    <ClInclude Include="..\PCSTree\include\PCSTreeIterator.h">
      <Filter>Lib includes\PCSTree</Filter>
    </ClInclude>
    <ClInclude Include="..\PCSTree\include\PCSTreeReverseIterator.h">
      <Filter>Lib includes\PCSTree</Filter>
    </ClInclude>
    <ClInclude Include="GameObject2D.h">
      <Filter>Source Files\GameObject</Filter>
    </ClInclude>
    <ClInclude Include="GraphicsObject_Sprite.h">
      <Filter>Source Files\GraphicsObject</Filter>
    </ClInclude>
    <ClInclude Include="Image.h">
      <Filter>Source Files\Image</Filter>
    </ClInclude>
    <ClInclude Include="ImageLink.h">
      <Filter>Source Files\Image</Filter>
    </ClInclude>
    <ClInclude Include="ImageMan.h">
      <Filter>Source Files\Image</Filter>
    </ClInclude>
    <ClInclude Include="Rect.h">
      <Filter>Source Files\2D_Primitives</Filter>
    </ClInclude>
    <ClInclude Include="Texture.h">
      <Filter>Source Files\Texture</Filter>
    </ClInclude>
    <ClInclude Include="TextureLink.h">
      <Filter>Source Files\Texture</Filter>
    </ClInclude>
    <ClInclude Include="TextureMan.h">
      <Filter>Source Files\Texture</Filter>
    </ClInclude>
    <ClInclude Include="SpriteModel.h">
      <Filter>Source Files\Model</Filter>
    </ClInclude>
    <ClInclude Include="SpriteVBO.h">
      <Filter>Source Files\Model</Filter>
    </ClInclude>
    <ClInclude Include="CameraLink.h">
      <Filter>Source Files\Camera</Filter>
    </ClInclude>
    <ClInclude Include="TeddyModel.h">
      <Filter>Source Files\Model</Filter>
    </ClInclude>
    <ClInclude Include="GraphicsObject_SkinTexture.h">
      <Filter>Source Files\GraphicsObject</Filter>
    </ClInclude>
    <ClInclude Include="SSBO.h">
      <Filter>Source Files\Shaders</Filter>
    </ClInclude>
    <ClInclude Include="AnimTransition.h">
      <Filter>Source Files\Animation</Filter>
    </ClInclude>
    <ClInclude Include="ChunkHeader.h">
      <Filter>Source Files\Animation</Filter>
    </ClInclude>
    <ClInclude Include="eat.h">
      <Filter>Source Files\Animation</Filter>
    </ClInclude>
    <ClInclude Include="PackageHeader.h">
      <Filter>Source Files\Animation</Filter>
    </ClInclude>
    <ClInclude Include="HumanoidModel.h">
      <Filter>Source Files\Model</Filter>
    </ClInclude>
    <ClInclude Include="CHeader.h">
      <Filter>Source Files\Animation</Filter>
    </ClInclude>
    <ClInclude Include="eat2.h">
      <Filter>Source Files\Animation</Filter>
    </ClInclude>
    <ClInclude Include="eat3.h">
      <Filter>Source Files\Animation</Filter>
    </ClInclude>
    <ClInclude Include="AnimManager.h">
      <Filter>Source Files\Animation</Filter>
    </ClInclude>
    <ClInclude Include="TransitionManager.h">
      <Filter>Source Files\Animation</Filter>
    </ClInclude>
    <ClInclude Include="SimpleGameObject.h">
      <Filter>Source Files\GameObject</Filter>
    </ClInclude>
    <ClInclude Include="SpuModel.h">
      <Filter>Source Files\Model</Filter>
    </ClInclude>
  </ItemGroup>
  <ItemGroup>
    <ClCompile Include="main.cpp">
      <Filter>Source Files</Filter>
    </ClCompile>
    <ClCompile Include="CubeModel.cpp">
      <Filter>Source Files\Model</Filter>
    </ClCompile>
    <ClCompile Include="Model.cpp">
      <Filter>Source Files\Model</Filter>
    </ClCompile>
    <ClCompile Include="GraphicsObject.cpp">
      <Filter>Source Files\GraphicsObject</Filter>
    </ClCompile>
    <ClCompile Include="ShaderObject.cpp">
      <Filter>Source Files\Shaders</Filter>
    </ClCompile>
    <ClCompile Include="Game.cpp">
      <Filter>Source Files\Game</Filter>
    </ClCompile>
    <ClCompile Include="Engine.cpp">
      <Filter>Source Files\Game</Filter>
    </ClCompile>
    <ClCompile Include="GameObject.cpp">
      <Filter>Source Files\GameObject</Filter>
    </ClCompile>
    <ClCompile Include="GraphicsObject_ColorByPosition.cpp">
      <Filter>Source Files\GraphicsObject</Filter>
    </ClCompile>
    <ClCompile Include="GraphicsObject_Wireframe.cpp">
      <Filter>Source Files\GraphicsObject</Filter>
    </ClCompile>
    <ClCompile Include="GraphicsObject_FlatTexture.cpp">
      <Filter>Source Files\GraphicsObject</Filter>
    </ClCompile>
    <ClCompile Include="Keyboard.cpp">
      <Filter>Source Files\Input</Filter>
    </ClCompile>
    <ClCompile Include="InputMan.cpp">
      <Filter>Source Files\Input</Filter>
    </ClCompile>
    <ClCompile Include="Mouse.cpp">
      <Filter>Source Files\Input</Filter>
    </ClCompile>
    <ClCompile Include="InputTest.cpp">
      <Filter>Source Files\Input</Filter>
    </ClCompile>
    <ClCompile Include="Camera.cpp">
      <Filter>Source Files\Camera</Filter>
    </ClCompile>
    <ClCompile Include="GameObjectMan.cpp">
      <Filter>Source Files\GameObject</Filter>
    </ClCompile>
    <ClCompile Include="GraphicsObject_Null.cpp">
      <Filter>Source Files\GraphicsObject</Filter>
    </ClCompile>
    <ClCompile Include="NullModel.cpp">
      <Filter>Source Files\Model</Filter>
    </ClCompile>
    <ClCompile Include="ShaderMan.cpp">
      <Filter>Source Files\Shaders</Filter>
    </ClCompile>
    <ClCompile Include="ModelMan.cpp">
      <Filter>Source Files\Model</Filter>
    </ClCompile>
    <ClCompile Include="GraphicsObject_TextureLight.cpp">
      <Filter>Source Files\GraphicsObject</Filter>
    </ClCompile>
    <ClCompile Include="GraphicsObject_ConstColor.cpp">
      <Filter>Source Files\GraphicsObject</Filter>
    </ClCompile>
    <ClCompile Include="ModelFileHdr.cpp">
      <Filter>Source Files\Model</Filter>
    </ClCompile>
    <ClCompile Include="SphereModel.cpp">
      <Filter>Source Files\Model</Filter>
    </ClCompile>
    <ClCompile Include="GraphicsObject_WireframeConstantColor.cpp">
      <Filter>Source Files\GraphicsObject</Filter>
    </ClCompile>
    <ClCompile Include="BoundingSphere.cpp">
      <Filter>Source Files\BoundingVol</Filter>
    </ClCompile>
    <ClCompile Include="CameraDemoInput.cpp">
      <Filter>Source Files\Camera</Filter>
    </ClCompile>
    <ClCompile Include="CameraMan.cpp">
      <Filter>Source Files\Camera</Filter>
    </ClCompile>
    <ClCompile Include="CameraModel.cpp">
      <Filter>Source Files\Camera</Filter>
    </ClCompile>
    <ClCompile Include="CameraNode.cpp">
      <Filter>Source Files\Camera</Filter>
    </ClCompile>
    <ClCompile Include="BoundingSphereGameObject.cpp">
      <Filter>Source Files\BoundingVol</Filter>
    </ClCompile>
    <ClCompile Include="GameMan.cpp">
      <Filter>Source Files\Game</Filter>
    </ClCompile>
    <ClCompile Include="PyramidModel.cpp">
      <Filter>Source Files\Model</Filter>
    </ClCompile>
    <ClCompile Include="Anim.cpp">
      <Filter>Source Files\Animation</Filter>
    </ClCompile>
    <ClCompile Include="GraphicsDebugMessage.cpp">
      <Filter>Source Files\GraphicsObject</Filter>
    </ClCompile>
    <ClCompile Include="GameObjectAnim.cpp">
      <Filter>Source Files\GameObject</Filter>
    </ClCompile>
    <ClCompile Include="GameObjectRigid.cpp">
      <Filter>Source Files\GameObject</Filter>
    </ClCompile>
    <ClCompile Include="TimerController.cpp">
      <Filter>Source Files\Animation</Filter>
    </ClCompile>
    <ClCompile Include="Bone.cpp">
      <Filter>Source Files\Animation</Filter>
    </ClCompile>
    <ClCompile Include="Mixer.cpp">
      <Filter>Source Files\Animation</Filter>
    </ClCompile>
    <ClCompile Include="AnimController.cpp">
      <Filter>Source Files\Animation</Filter>
    </ClCompile>
    <ClCompile Include="Clip.cpp">
      <Filter>Source Files\Animation</Filter>
    </ClCompile>
    <ClCompile Include="Skeleton.cpp">
      <Filter>Source Files\Animation</Filter>
    </ClCompile>
    <ClCompile Include="GameObjectNull.cpp">
      <Filter>Source Files\GameObject</Filter>
    </ClCompile>
    <ClCompile Include="GameObject2D.cpp">
      <Filter>Source Files\GameObject</Filter>
    </ClCompile>
    <ClCompile Include="GraphicsObject_Sprite.cpp">
      <Filter>Source Files\GraphicsObject</Filter>
    </ClCompile>
    <ClCompile Include="Image.cpp">
      <Filter>Source Files\Image</Filter>
    </ClCompile>
    <ClCompile Include="ImageMan.cpp">
      <Filter>Source Files\Image</Filter>
    </ClCompile>
    <ClCompile Include="Rect.cpp">
      <Filter>Source Files\2D_Primitives</Filter>
    </ClCompile>
    <ClCompile Include="Texture.cpp">
      <Filter>Source Files\Texture</Filter>
    </ClCompile>
    <ClCompile Include="TextureMan.cpp">
      <Filter>Source Files\Texture</Filter>
    </ClCompile>
    <ClCompile Include="SpriteModel.cpp">
      <Filter>Source Files\Model</Filter>
    </ClCompile>
    <ClCompile Include="CameraLink.cpp">
      <Filter>Source Files\Camera</Filter>
    </ClCompile>
    <ClCompile Include="ImageLink.cpp">
      <Filter>Source Files\Image</Filter>
    </ClCompile>
    <ClCompile Include="ModelLink.cpp">
      <Filter>Source Files\Model</Filter>
    </ClCompile>
    <ClCompile Include="ShaderLink.cpp">
      <Filter>Source Files\Shaders</Filter>
    </ClCompile>
    <ClCompile Include="TextureLink.cpp">
      <Filter>Source Files\Texture</Filter>
    </ClCompile>
    <ClCompile Include="TeddyModel.cpp">
      <Filter>Source Files\Model</Filter>
    </ClCompile>
    <ClCompile Include="GraphicsObject_SkinTexture.cpp">
      <Filter>Source Files\GraphicsObject</Filter>
    </ClCompile>
    <ClCompile Include="SSBO.cpp">
      <Filter>Source Files\Shaders</Filter>
    </ClCompile>
    <ClCompile Include="AnimTransition.cpp">
      <Filter>Source Files\Animation</Filter>
    </ClCompile>
    <ClCompile Include="eat.cpp">
      <Filter>Source Files\Animation</Filter>
    </ClCompile>
    <ClCompile Include="HumanoidModel.cpp">
      <Filter>Source Files\Model</Filter>
    </ClCompile>
    <ClCompile Include="SimpleGameObject.cpp">
      <Filter>Source Files\GameObject</Filter>
    </ClCompile>
    <ClCompile Include="SpuModel.cpp">
      <Filter>Source Files\Model</Filter>
    </ClCompile>
  </ItemGroup>
  <ItemGroup>
    <Image Include="Duckweed.tga">
      <Filter>Source Files\Assets</Filter>
    </Image>
    <Image Include="RedBrick.tga">
      <Filter>Source Files\Assets</Filter>
    </Image>
    <Image Include="Rocks.tga">
      <Filter>Source Files\Assets</Filter>
    </Image>
    <Image Include="Stone.tga">
      <Filter>Source Files\Assets</Filter>
    </Image>
    <Image Include="Aliens.tga">
      <Filter>Source Files\Assets</Filter>
    </Image>
    <Image Include="teddyTex.tga">
      <Filter>Source Files\Assets</Filter>
    </Image>
  </ItemGroup>
</Project>